{
    "dama/doctrine-test-bundle": {
        "version": "4.0",
        "recipe": {
            "repo": "github.com/symfony/recipes-contrib",
            "branch": "master",
            "version": "4.0",
            "ref": "56eaa387b5e48ebcc7c95a893b47dfa1ad51449c"
        },
        "files": [
            "./config/packages/test/dama_doctrine_test_bundle.yaml"
        ]
    },
    "doctrine/cache": {
        "version": "1.10.0"
    },
    "doctrine/collections": {
        "version": "1.6.4"
    },
    "doctrine/common": {
        "version": "2.12.0"
    },
    "doctrine/data-fixtures": {
        "version": "1.4.2"
    },
    "doctrine/dbal": {
        "version": "v2.10.1"
    },
    "doctrine/deprecations": {
        "version": "v0.5.3"
    },
    "doctrine/doctrine-bundle": {
        "version": "2.0",
        "recipe": {
            "repo": "github.com/symfony/recipes",
            "branch": "master",
            "version": "2.0",
            "ref": "a9f2463b9f73efe74482f831f03a204a41328555"
        },
        "files": [
            "./config/packages/doctrine.yaml",
            "./config/packages/prod/doctrine.yaml",
            "./src/Entity/.gitignore",
            "./src/Repository/.gitignore"
        ]
    },
    "doctrine/doctrine-fixtures-bundle": {
        "version": "3.0",
        "recipe": {
            "repo": "github.com/symfony/recipes",
            "branch": "master",
            "version": "3.0",
            "ref": "fc52d86631a6dfd9fdf3381d0b7e3df2069e51b3"
        },
        "files": [
            "./src/DataFixtures/AppFixtures.php"
        ]
    },
    "doctrine/doctrine-migrations-bundle": {
        "version": "1.2",
        "recipe": {
            "repo": "github.com/symfony/recipes",
            "branch": "master",
            "version": "1.2",
            "ref": "c1431086fec31f17fbcfe6d6d7e92059458facc1"
        },
        "files": [
            "./config/packages/doctrine_migrations.yaml",
            "./src/Migrations/.gitignore"
        ]
    },
    "doctrine/event-manager": {
        "version": "1.1.0"
    },
    "doctrine/inflector": {
        "version": "1.3.1"
    },
    "doctrine/instantiator": {
        "version": "1.3.0"
    },
    "doctrine/migrations": {
        "version": "2.2.1"
    },
    "doctrine/orm": {
        "version": "v2.7.2"
    },
    "doctrine/persistence": {
        "version": "1.3.7"
    },
    "doctrine/reflection": {
        "version": "1.2.0"
    },
    "doctrine/sql-formatter": {
        "version": "1.1.1"
    },
    "friendsofphp/proxy-manager-lts": {
        "version": "v1.0.3"
    },
    "jdorn/sql-formatter": {
        "version": "v1.2.17"
    },
    "laminas/laminas-code": {
        "version": "3.4.1"
    },
    "laminas/laminas-eventmanager": {
        "version": "3.2.1"
    },
    "laminas/laminas-zendframework-bridge": {
        "version": "1.0.1"
    },
    "nikic/php-parser": {
        "version": "v4.3.0"
    },
    "ocramius/package-versions": {
        "version": "1.7.0"
    },
    "ocramius/proxy-manager": {
        "version": "2.7.0"
    },
    "php": {
        "version": "7.4"
    },
    "psr/container": {
        "version": "1.0.0"
    },
    "psr/event-dispatcher": {
        "version": "1.0.0"
    },
    "symfony/apache-pack": {
        "version": "1.0",
        "recipe": {
            "repo": "github.com/symfony/recipes-contrib",
            "branch": "master",
            "version": "1.0",
            "ref": "71599f5b0fdeeeec0fb90e9b17c85e6f5e1350c1"
        },
        "files": [
            "./public/.htaccess"
        ]
    },
    "symfony/asset": {
        "version": "v5.0.5"
    },
    "symfony/browser-kit": {
        "version": "v5.0.7"
    },
    "symfony/console": {
        "version": "4.4",
        "recipe": {
            "repo": "github.com/symfony/recipes",
            "branch": "master",
            "version": "4.4",
            "ref": "ea8c0eda34fda57e7d5cd8cbd889e2a387e3472c"
        },
        "files": [
            "./bin/console",
            "./config/bootstrap.php"
        ]
    },
    "symfony/css-selector": {
        "version": "v5.0.7"
    },
    "symfony/deprecation-contracts": {
        "version": "v2.2.0"
    },
    "symfony/doctrine-bridge": {
        "version": "v5.0.5"
    },
    "symfony/dom-crawler": {
        "version": "v5.0.7"
    },
    "symfony/dotenv": {
        "version": "v5.0.5"
    },
    "symfony/event-dispatcher": {
        "version": "v5.0.5"
    },
    "symfony/event-dispatcher-contracts": {
        "version": "v2.0.1"
    },
    "symfony/flex": {
        "version": "1.0",
        "recipe": {
            "repo": "github.com/symfony/recipes",
            "branch": "master",
            "version": "1.0",
            "ref": "c0eeb50665f0f77226616b6038a9b06c03752d8e"
        },
        "files": [
            "./.env"
        ]
    },
    "symfony/form": {
        "version": "v5.0.5"
    },
    "symfony/framework-bundle": {
        "version": "7.1",
        "recipe": {
            "repo": "github.com/symfony/recipes",
            "branch": "main",
            "version": "7.0",
            "ref": "6356c19b9ae08e7763e4ba2d9ae63043efc75db5"
        },
        "files": [
            "config/packages/cache.yaml",
            "config/packages/framework.yaml",
            "config/preload.php",
            "config/routes/framework.yaml",
            "config/services.yaml",
            "public/index.php",
            "src/Controller/.gitignore",
            "src/Kernel.php"
        ]
    },
    "symfony/http-client-contracts": {
        "version": "v2.3.1"
    },
    "symfony/inflector": {
        "version": "v5.0.5"
    },
    "symfony/intl": {
        "version": "v5.0.5"
    },
    "symfony/maker-bundle": {
        "version": "1.0",
        "recipe": {
            "repo": "github.com/symfony/recipes",
            "branch": "master",
            "version": "1.0",
            "ref": "fadbfe33303a76e25cb63401050439aa9b1a9c7f"
        }
    },
    "symfony/mime": {
        "version": "v5.0.5"
    },
    "symfony/options-resolver": {
        "version": "v5.0.5"
    },
    "symfony/phpunit-bridge": {
        "version": "4.3",
        "recipe": {
            "repo": "github.com/symfony/recipes",
            "branch": "master",
            "version": "4.3",
            "ref": "6d0e35f749d5f4bfe1f011762875275cd3f9874f"
        },
        "files": [
            "./.env.test",
            "./bin/phpunit",
            "./phpunit.xml.dist",
            "./tests/bootstrap.php"
        ]
    },
    "symfony/polyfill-intl-grapheme": {
        "version": "v1.22.1"
    },
    "symfony/polyfill-intl-icu": {
        "version": "v1.14.0"
    },
    "symfony/polyfill-intl-idn": {
        "version": "v1.14.0"
    },
    "symfony/polyfill-intl-normalizer": {
        "version": "v1.22.1"
    },
    "symfony/polyfill-mbstring": {
        "version": "v1.14.0"
    },
    "symfony/polyfill-php73": {
        "version": "v1.14.0"
    },
    "symfony/polyfill-php80": {
        "version": "v1.22.1"
    },
    "symfony/property-access": {
        "version": "v5.0.5"
    },
    "symfony/property-info": {
        "version": "v5.2.4"
    },
    "symfony/requirements-checker": {
        "version": "2.0",
        "recipe": {
            "repo": "github.com/symfony/recipes",
            "branch": "master",
            "version": "2.0",
            "ref": "02c6e4b9b117c39e8a23eab7f3840ef6e62293b9"
        }
    },
    "symfony/routing": {
        "version": "7.1",
        "recipe": {
            "repo": "github.com/symfony/recipes",
            "branch": "main",
            "version": "7.0",
            "ref": "21b72649d5622d8f7da329ffb5afb232a023619d"
        },
        "files": [
            "config/packages/routing.yaml",
            "config/routes.yaml"
        ]
    },
    "symfony/security-bundle": {
        "version": "4.4",
        "recipe": {
            "repo": "github.com/symfony/recipes",
            "branch": "master",
            "version": "4.4",
            "ref": "7b4408dc203049666fe23fabed23cbadc6d8440f"
        },
        "files": [
            "./config/packages/security.yaml"
        ]
    },
    "symfony/security-core": {
        "version": "v5.0.5"
    },
    "symfony/security-csrf": {
        "version": "v5.0.5"
    },
    "symfony/security-guard": {
        "version": "v5.0.5"
    },
    "symfony/security-http": {
        "version": "v5.0.5"
    },
    "symfony/serializer": {
        "version": "v5.0.5"
    },
    "symfony/service-contracts": {
        "version": "v2.0.1"
    },
    "symfony/stopwatch": {
        "version": "v5.0.5"
    },
    "symfony/string": {
        "version": "v5.2.6"
    },
    "symfony/translation-contracts": {
        "version": "v2.0.1"
    },
    "symfony/twig-bridge": {
        "version": "v5.0.5"
    },
    "symfony/twig-bundle": {
        "version": "5.0",
        "recipe": {
            "repo": "github.com/symfony/recipes",
            "branch": "master",
            "version": "5.0",
            "ref": "fab9149bbaa4d5eca054ed93f9e1b66cc500895d"
        },
        "files": [
            "./config/packages/test/twig.yaml",
            "./config/packages/twig.yaml",
            "./templates/base.html.twig"
        ]
    },
    "symfony/validator": {
        "version": "4.3",
        "recipe": {
            "repo": "github.com/symfony/recipes",
            "branch": "master",
            "version": "4.3",
            "ref": "d902da3e4952f18d3bf05aab29512eb61cabd869"
        },
        "files": [
            "./config/packages/test/validator.yaml",
            "./config/packages/validator.yaml"
        ]
    },
    "symfony/web-profiler-bundle": {
        "version": "3.3",
        "recipe": {
            "repo": "github.com/symfony/recipes",
            "branch": "master",
            "version": "3.3",
            "ref": "6bdfa1a95f6b2e677ab985cd1af2eae35d62e0f6"
        },
        "files": [
            "./config/packages/dev/web_profiler.yaml",
            "./config/packages/test/web_profiler.yaml",
            "./config/routes/dev/web_profiler.yaml"
        ]
    },
    "symfony/yaml": {
        "version": "v5.0.5"
    },
    "twig/twig": {
        "version": "v3.0.3"
    },
    "webimpress/safe-writer": {
        "version": "2.0.1"
    }
}
